// !$*UTF8*$!
{
	archiveVersion = 1;
	classes = {
	};
	objectVersion = 46;
	objects = {

/* Begin PBXBuildFile section */
		8153F6C91AD9B0920067C70E /* main.m in Sources */ = {isa = PBXBuildFile; fileRef = 8153F6C81AD9B0920067C70E /* main.m */; };
		8153F6CC1AD9B0920067C70E /* AppDelegate.m in Sources */ = {isa = PBXBuildFile; fileRef = 8153F6CB1AD9B0920067C70E /* AppDelegate.m */; };
		8153F6CF1AD9B0920067C70E /* WeatherExample.xcdatamodeld in Sources */ = {isa = PBXBuildFile; fileRef = 8153F6CD1AD9B0920067C70E /* WeatherExample.xcdatamodeld */; };
		8153F6D21AD9B0920067C70E /* ViewController.m in Sources */ = {isa = PBXBuildFile; fileRef = 8153F6D11AD9B0920067C70E /* ViewController.m */; };
		8153F6D51AD9B0920067C70E /* Main.storyboard in Resources */ = {isa = PBXBuildFile; fileRef = 8153F6D31AD9B0920067C70E /* Main.storyboard */; };
		8153F6D71AD9B0920067C70E /* Images.xcassets in Resources */ = {isa = PBXBuildFile; fileRef = 8153F6D61AD9B0920067C70E /* Images.xcassets */; };
		8153F6DA1AD9B0920067C70E /* LaunchScreen.xib in Resources */ = {isa = PBXBuildFile; fileRef = 8153F6D81AD9B0920067C70E /* LaunchScreen.xib */; };
		8153F6E61AD9B0920067C70E /* WeatherExampleTests.m in Sources */ = {isa = PBXBuildFile; fileRef = 8153F6E51AD9B0920067C70E /* WeatherExampleTests.m */; };
/* End PBXBuildFile section */

/* Begin PBXContainerItemProxy section */
		8153F6E01AD9B0920067C70E /* PBXContainerItemProxy */ = {
			isa = PBXContainerItemProxy;
			containerPortal = 8153F6BB1AD9B0920067C70E /* Project object */;
			proxyType = 1;
			remoteGlobalIDString = 8153F6C21AD9B0920067C70E;
			remoteInfo = WeatherExample;
		};
/* End PBXContainerItemProxy section */

/* Begin PBXFileReference section */
		8153F6C31AD9B0920067C70E /* WeatherExample.app */ = {isa = PBXFileReference; explicitFileType = wrapper.application; includeInIndex = 0; path = WeatherExample.app; sourceTree = BUILT_PRODUCTS_DIR; };
		8153F6C71AD9B0920067C70E /* Info.plist */ = {isa = PBXFileReference; lastKnownFileType = text.plist.xml; path = Info.plist; sourceTree = "<group>"; };
		8153F6C81AD9B0920067C70E /* main.m */ = {isa = PBXFileReference; lastKnownFileType = sourcecode.c.objc; path = main.m; sourceTree = "<group>"; };
		8153F6CA1AD9B0920067C70E /* AppDelegate.h */ = {isa = PBXFileReference; lastKnownFileType = sourcecode.c.h; path = AppDelegate.h; sourceTree = "<group>"; };
		8153F6CB1AD9B0920067C70E /* AppDelegate.m */ = {isa = PBXFileReference; lastKnownFileType = sourcecode.c.objc; path = AppDelegate.m; sourceTree = "<group>"; };
		8153F6CE1AD9B0920067C70E /* WeatherExample.xcdatamodel */ = {isa = PBXFileReference; lastKnownFileType = wrapper.xcdatamodel; path = WeatherExample.xcdatamodel; sourceTree = "<group>"; };
		8153F6D01AD9B0920067C70E /* ViewController.h */ = {isa = PBXFileReference; lastKnownFileType = sourcecode.c.h; path = ViewController.h; sourceTree = "<group>"; };
		8153F6D11AD9B0920067C70E /* ViewController.m */ = {isa = PBXFileReference; lastKnownFileType = sourcecode.c.objc; path = ViewController.m; sourceTree = "<group>"; };
		8153F6D41AD9B0920067C70E /* Base */ = {isa = PBXFileReference; lastKnownFileType = file.storyboard; name = Base; path = Base.lproj/Main.storyboard; sourceTree = "<group>"; };
		8153F6D61AD9B0920067C70E /* Images.xcassets */ = {isa = PBXFileReference; lastKnownFileType = folder.assetcatalog; path = Images.xcassets; sourceTree = "<group>"; };
		8153F6D91AD9B0920067C70E /* Base */ = {isa = PBXFileReference; lastKnownFileType = file.xib; name = Base; path = Base.lproj/LaunchScreen.xib; sourceTree = "<group>"; };
		8153F6DF1AD9B0920067C70E /* WeatherExampleTests.xctest */ = {isa = PBXFileReference; explicitFileType = wrapper.cfbundle; includeInIndex = 0; path = WeatherExampleTests.xctest; sourceTree = BUILT_PRODUCTS_DIR; };
		8153F6E41AD9B0920067C70E /* Info.plist */ = {isa = PBXFileReference; lastKnownFileType = text.plist.xml; path = Info.plist; sourceTree = "<group>"; };
		8153F6E51AD9B0920067C70E /* WeatherExampleTests.m */ = {isa = PBXFileReference; lastKnownFileType = sourcecode.c.objc; path = WeatherExampleTests.m; sourceTree = "<group>"; };
/* End PBXFileReference section */

/* Begin PBXFrameworksBuildPhase section */
		8153F6C01AD9B0920067C70E /* Frameworks */ = {
			isa = PBXFrameworksBuildPhase;
			buildActionMask = 2147483647;
			files = (
			);
			runOnlyForDeploymentPostprocessing = 0;
		};
		8153F6DC1AD9B0920067C70E /* Frameworks */ = {
			isa = PBXFrameworksBuildPhase;
			buildActionMask = 2147483647;
			files = (
			);
			runOnlyForDeploymentPostprocessing = 0;
		};
/* End PBXFrameworksBuildPhase section */

/* Begin PBXGroup section */
		8153F6BA1AD9B0920067C70E = {
			isa = PBXGroup;
			children = (
				8153F6C51AD9B0920067C70E /* WeatherExample */,
				8153F6E21AD9B0920067C70E /* WeatherExampleTests */,
				8153F6C41AD9B0920067C70E /* Products */,
			);
			sourceTree = "<group>";
		};
		8153F6C41AD9B0920067C70E /* Products */ = {
			isa = PBXGroup;
			children = (
				8153F6C31AD9B0920067C70E /* WeatherExample.app */,
				8153F6DF1AD9B0920067C70E /* WeatherExampleTests.xctest */,
			);
			name = Products;
			sourceTree = "<group>";
		};
		8153F6C51AD9B0920067C70E /* WeatherExample */ = {
			isa = PBXGroup;
			children = (
				8153F6CA1AD9B0920067C70E /* AppDelegate.h */,
				8153F6CB1AD9B0920067C70E /* AppDelegate.m */,
				8153F6D01AD9B0920067C70E /* ViewController.h */,
				8153F6D11AD9B0920067C70E /* ViewController.m */,
				8153F6D31AD9B0920067C70E /* Main.storyboard */,
				8153F6D61AD9B0920067C70E /* Images.xcassets */,
				8153F6D81AD9B0920067C70E /* LaunchScreen.xib */,
				8153F6CD1AD9B0920067C70E /* WeatherExample.xcdatamodeld */,
				8153F6C61AD9B0920067C70E /* Supporting Files */,
			);
			path = WeatherExample;
			sourceTree = "<group>";
		};
		8153F6C61AD9B0920067C70E /* Supporting Files */ = {
			isa = PBXGroup;
			children = (
				8153F6C71AD9B0920067C70E /* Info.plist */,
				8153F6C81AD9B0920067C70E /* main.m */,
			);
			name = "Supporting Files";
			sourceTree = "<group>";
		};
		8153F6E21AD9B0920067C70E /* WeatherExampleTests */ = {
			isa = PBXGroup;
			children = (
				8153F6E51AD9B0920067C70E /* WeatherExampleTests.m */,
				8153F6E31AD9B0920067C70E /* Supporting Files */,
			);
			path = WeatherExampleTests;
			sourceTree = "<group>";
		};
		8153F6E31AD9B0920067C70E /* Supporting Files */ = {
			isa = PBXGroup;
			children = (
				8153F6E41AD9B0920067C70E /* Info.plist */,
			);
			name = "Supporting Files";
			sourceTree = "<group>";
		};
/* End PBXGroup section */

/* Begin PBXNativeTarget section */
		8153F6C21AD9B0920067C70E /* WeatherExample */ = {
			isa = PBXNativeTarget;
			buildConfigurationList = 8153F6E91AD9B0920067C70E /* Build configuration list for PBXNativeTarget "WeatherExample" */;
			buildPhases = (
				8153F6BF1AD9B0920067C70E /* Sources */,
				8153F6C01AD9B0920067C70E /* Frameworks */,
				8153F6C11AD9B0920067C70E /* Resources */,
			);
			buildRules = (
			);
			dependencies = (
			);
			name = WeatherExample;
			productName = WeatherExample;
			productReference = 8153F6C31AD9B0920067C70E /* WeatherExample.app */;
			productType = "com.apple.product-type.application";
		};
		8153F6DE1AD9B0920067C70E /* WeatherExampleTests */ = {
			isa = PBXNativeTarget;
			buildConfigurationList = 8153F6EC1AD9B0920067C70E /* Build configuration list for PBXNativeTarget "WeatherExampleTests" */;
			buildPhases = (
				8153F6DB1AD9B0920067C70E /* Sources */,
				8153F6DC1AD9B0920067C70E /* Frameworks */,
				8153F6DD1AD9B0920067C70E /* Resources */,
			);
			buildRules = (
			);
			dependencies = (
				8153F6E11AD9B0920067C70E /* PBXTargetDependency */,
			);
			name = WeatherExampleTests;
			productName = WeatherExampleTests;
			productReference = 8153F6DF1AD9B0920067C70E /* WeatherExampleTests.xctest */;
			productType = "com.apple.product-type.bundle.unit-test";
		};
/* End PBXNativeTarget section */

/* Begin PBXProject section */
		8153F6BB1AD9B0920067C70E /* Project object */ = {
			isa = PBXProject;
			attributes = {
				LastUpgradeCheck = 0630;
				ORGANIZATIONNAME = "Alexander Vlasov";
				TargetAttributes = {
					8153F6C21AD9B0920067C70E = {
						CreatedOnToolsVersion = 6.3;
					};
					8153F6DE1AD9B0920067C70E = {
						CreatedOnToolsVersion = 6.3;
						TestTargetID = 8153F6C21AD9B0920067C70E;
					};
				};
			};
			buildConfigurationList = 8153F6BE1AD9B0920067C70E /* Build configuration list for PBXProject "WeatherExample" */;
			compatibilityVersion = "Xcode 3.2";
			developmentRegion = English;
			hasScannedForEncodings = 0;
			knownRegions = (
				en,
				Base,
			);
			mainGroup = 8153F6BA1AD9B0920067C70E;
			productRefGroup = 8153F6C41AD9B0920067C70E /* Products */;
			projectDirPath = "";
			projectRoot = "";
			targets = (
				8153F6C21AD9B0920067C70E /* WeatherExample */,
				8153F6DE1AD9B0920067C70E /* WeatherExampleTests */,
			);
		};
/* End PBXProject section */

/* Begin PBXResourcesBuildPhase section */
		8153F6C11AD9B0920067C70E /* Resources */ = {
			isa = PBXResourcesBuildPhase;
			buildActionMask = 2147483647;
			files = (
				8153F6D51AD9B0920067C70E /* Main.storyboard in Resources */,
				8153F6DA1AD9B0920067C70E /* LaunchScreen.xib in Resources */,
				8153F6D71AD9B0920067C70E /* Images.xcassets in Resources */,
			);
			runOnlyForDeploymentPostprocessing = 0;
		};
		8153F6DD1AD9B0920067C70E /* Resources */ = {
			isa = PBXResourcesBuildPhase;
			buildActionMask = 2147483647;
			files = (
			);
			runOnlyForDeploymentPostprocessing = 0;
		};
/* End PBXResourcesBuildPhase section */

/* Begin PBXSourcesBuildPhase section */
		8153F6BF1AD9B0920067C70E /* Sources */ = {
			isa = PBXSourcesBuildPhase;
			buildActionMask = 2147483647;
			files = (
				8153F6CF1AD9B0920067C70E /* WeatherExample.xcdatamodeld in Sources */,
				8153F6CC1AD9B0920067C70E /* AppDelegate.m in Sources */,
				8153F6D21AD9B0920067C70E /* ViewController.m in Sources */,
				8153F6C91AD9B0920067C70E /* main.m in Sources */,
			);
			runOnlyForDeploymentPostprocessing = 0;
		};
		8153F6DB1AD9B0920067C70E /* Sources */ = {
			isa = PBXSourcesBuildPhase;
			buildActionMask = 2147483647;
			files = (
				8153F6E61AD9B0920067C70E /* WeatherExampleTests.m in Sources */,
			);
			runOnlyForDeploymentPostprocessing = 0;
		};
/* End PBXSourcesBuildPhase section */

/* Begin PBXTargetDependency section */
		8153F6E11AD9B0920067C70E /* PBXTargetDependency */ = {
			isa = PBXTargetDependency;
			target = 8153F6C21AD9B0920067C70E /* WeatherExample */;
			targetProxy = 8153F6E01AD9B0920067C70E /* PBXContainerItemProxy */;
		};
/* End PBXTargetDependency section */

/* Begin PBXVariantGroup section */
		8153F6D31AD9B0920067C70E /* Main.storyboard */ = {
			isa = PBXVariantGroup;
			children = (
				8153F6D41AD9B0920067C70E /* Base */,
			);
			name = Main.storyboard;
			sourceTree = "<group>";
		};
		8153F6D81AD9B0920067C70E /* LaunchScreen.xib */ = {
			isa = PBXVariantGroup;
			children = (
				8153F6D91AD9B0920067C70E /* Base */,
			);
			name = LaunchScreen.xib;
			sourceTree = "<group>";
		};
/* End PBXVariantGroup section */

/* Begin XCBuildConfiguration section */
		8153F6E71AD9B0920067C70E /* Debug */ = {
			isa = XCBuildConfiguration;
			buildSettings = {
				ALWAYS_SEARCH_USER_PATHS = NO;
				CLANG_CXX_LANGUAGE_STANDARD = "gnu++0x";
				CLANG_CXX_LIBRARY = "libc++";
				CLANG_ENABLE_MODULES = YES;
				CLANG_ENABLE_OBJC_ARC = YES;
				CLANG_WARN_BOOL_CONVERSION = YES;
				CLANG_WARN_CONSTANT_CONVERSION = YES;
				CLANG_WARN_DIRECT_OBJC_ISA_USAGE = YES_ERROR;
				CLANG_WARN_EMPTY_BODY = YES;
				CLANG_WARN_ENUM_CONVERSION = YES;
				CLANG_WARN_INT_CONVERSION = YES;
				CLANG_WARN_OBJC_ROOT_CLASS = YES_ERROR;
				CLANG_WARN_UNREACHABLE_CODE = YES;
				CLANG_WARN__DUPLICATE_METHOD_MATCH = YES;
				"CODE_SIGN_IDENTITY[sdk=iphoneos*]" = "iPhone Developer";
				COPY_PHASE_STRIP = NO;
				DEBUG_INFORMATION_FORMAT = "dwarf-with-dsym";
				ENABLE_STRICT_OBJC_MSGSEND = YES;
				GCC_C_LANGUAGE_STANDARD = gnu99;
				GCC_DYNAMIC_NO_PIC = NO;
				GCC_NO_COMMON_BLOCKS = YES;
				GCC_OPTIMIZATION_LEVEL = 0;
				GCC_PREPROCESSOR_DEFINITIONS = (
					"DEBUG=1",
					"$(inherited)",
				);
				GCC_SYMBOLS_PRIVATE_EXTERN = NO;
				GCC_WARN_64_TO_32_BIT_CONVERSION = YES;
				GCC_WARN_ABOUT_RETURN_TYPE = YES_ERROR;
				GCC_WARN_UNDECLARED_SELECTOR = YES;
				GCC_WARN_UNINITIALIZED_AUTOS = YES_AGGRESSIVE;
				GCC_WARN_UNUSED_FUNCTION = YES;
				GCC_WARN_UNUSED_VARIABLE = YES;
				IPHONEOS_DEPLOYMENT_TARGET = 8.3;
				MTL_ENABLE_DEBUG_INFO = YES;
				ONLY_ACTIVE_ARCH = YES;
				SDKROOT = iphoneos;
			};
			name = Debug;
		};
		8153F6E81AD9B0920067C70E /* Release */ = {
			isa = XCBuildConfiguration;
			buildSettings = {
				ALWAYS_SEARCH_USER_PATHS = NO;
				CLANG_CXX_LANGUAGE_STANDARD = "gnu++0x";
				CLANG_CXX_LIBRARY = "libc++";
				CLANG_ENABLE_MODULES = YES;
				CLANG_ENABLE_OBJC_ARC = YES;
				CLANG_WARN_BOOL_CONVERSION = YES;
				CLANG_WARN_CONSTANT_CONVERSION = YES;
				CLANG_WARN_DIRECT_OBJC_ISA_USAGE = YES_ERROR;
				CLANG_WARN_EMPTY_BODY = YES;
				CLANG_WARN_ENUM_CONVERSION = YES;
				CLANG_WARN_INT_CONVERSION = YES;
				CLANG_WARN_OBJC_ROOT_CLASS = YES_ERROR;
				CLANG_WARN_UNREACHABLE_CODE = YES;
				CLANG_WARN__DUPLICATE_METHOD_MATCH = YES;
				"CODE_SIGN_IDENTITY[sdk=iphoneos*]" = "iPhone Developer";
				COPY_PHASE_STRIP = NO;
				DEBUG_INFORMATION_FORMAT = "dwarf-with-dsym";
				ENABLE_NS_ASSERTIONS = NO;
				ENABLE_STRICT_OBJC_MSGSEND = YES;
				GCC_C_LANGUAGE_STANDARD = gnu99;
				GCC_NO_COMMON_BLOCKS = YES;
				GCC_WARN_64_TO_32_BIT_CONVERSION = YES;
				GCC_WARN_ABOUT_RETURN_TYPE = YES_ERROR;
				GCC_WARN_UNDECLARED_SELECTOR = YES;
				GCC_WARN_UNINITIALIZED_AUTOS = YES_AGGRESSIVE;
				GCC_WARN_UNUSED_FUNCTION = YES;
				GCC_WARN_UNUSED_VARIABLE = YES;
				IPHONEOS_DEPLOYMENT_TARGET = 8.3;
				MTL_ENABLE_DEBUG_INFO = NO;
				SDKROOT = iphoneos;
				VALIDATE_PRODUCT = YES;
			};
			name = Release;
		};
		8153F6EA1AD9B0920067C70E /* Debug */ = {
			isa = XCBuildConfiguration;
			buildSettings = {
				ASSETCATALOG_COMPILER_APPICON_NAME = AppIcon;
				INFOPLIST_FILE = WeatherExample/Info.plist;
				LD_RUNPATH_SEARCH_PATHS = "$(inherited) @executable_path/Frameworks";
				PRODUCT_NAME = "$(TARGET_NAME)";
			};
			name = Debug;
		};
		8153F6EB1AD9B0920067C70E /* Release */ = {
			isa = XCBuildConfiguration;
			buildSettings = {
				ASSETCATALOG_COMPILER_APPICON_NAME = AppIcon;
				INFOPLIST_FILE = WeatherExample/Info.plist;
				LD_RUNPATH_SEARCH_PATHS = "$(inherited) @executable_path/Frameworks";
				PRODUCT_NAME = "$(TARGET_NAME)";
			};
			name = Release;
		};
		8153F6ED1AD9B0920067C70E /* Debug */ = {
			isa = XCBuildConfiguration;
			buildSettings = {
				BUNDLE_LOADER = "$(TEST_HOST)";
				FRAMEWORK_SEARCH_PATHS = (
					"$(SDKROOT)/Developer/Library/Frameworks",
					"$(inherited)",
				);
				GCC_PREPROCESSOR_DEFINITIONS = (
					"DEBUG=1",
					"$(inherited)",
				);
				INFOPLIST_FILE = WeatherExampleTests/Info.plist;
				LD_RUNPATH_SEARCH_PATHS = "$(inherited) @executable_path/Frameworks @loader_path/Frameworks";
				PRODUCT_NAME = "$(TARGET_NAME)";
				TEST_HOST = "$(BUILT_PRODUCTS_DIR)/WeatherExample.app/WeatherExample";
			};
			name = Debug;
		};
		8153F6EE1AD9B0920067C70E /* Release */ = {
			isa = XCBuildConfiguration;
			buildSettings = {
				BUNDLE_LOADER = "$(TEST_HOST)";
				FRAMEWORK_SEARCH_PATHS = (
					"$(SDKROOT)/Developer/Library/Frameworks",
					"$(inherited)",
				);
				INFOPLIST_FILE = WeatherExampleTests/Info.plist;
				LD_RUNPATH_SEARCH_PATHS = "$(inherited) @executable_path/Frameworks @loader_path/Frameworks";
				PRODUCT_NAME = "$(TARGET_NAME)";
				TEST_HOST = "$(BUILT_PRODUCTS_DIR)/WeatherExample.app/WeatherExample";
			};
			name = Release;
		};
/* End XCBuildConfiguration section */

/* Begin XCConfigurationList section */
		8153F6BE1AD9B0920067C70E /* Build configuration list for PBXProject "WeatherExample" */ = {
			isa = XCConfigurationList;
			buildConfigurations = (
				8153F6E71AD9B0920067C70E /* Debug */,
				8153F6E81AD9B0920067C70E /* Release */,
			);
			defaultConfigurationIsVisible = 0;
			defaultConfigurationName = Release;
		};
		8153F6E91AD9B0920067C70E /* Build configuration list for PBXNativeTarget "WeatherExample" */ = {
			isa = XCConfigurationList;
			buildConfigurations = (
				8153F6EA1AD9B0920067C70E /* Debug */,
				8153F6EB1AD9B0920067C70E /* Release */,
			);
			defaultConfigurationIsVisible = 0;
		};
		8153F6EC1AD9B0920067C70E /* Build configuration list for PBXNativeTarget "WeatherExampleTests" */ = {
			isa = XCConfigurationList;
			buildConfigurations = (
				8153F6ED1AD9B0920067C70E /* Debug */,
				8153F6EE1AD9B0920067C70E /* Release */,
			);
			defaultConfigurationIsVisible = 0;
		};
/* End XCConfigurationList section */

/* Begin XCVersionGroup section */
		8153F6CD1AD9B0920067C70E /* WeatherExample.xcdatamodeld */ = {
			isa = XCVersionGroup;
			children = (
				8153F6CE1AD9B0920067C70E /* WeatherExample.xcdatamodel */,
			);
			currentVersion = 8153F6CE1AD9B0920067C70E /* WeatherExample.xcdatamodel */;
			path = WeatherExample.xcdatamodeld;
			sourceTree = "<group>";
			versionGroupType = wrapper.xcdatamodel;
		};
/* End XCVersionGroup section */
	};
	rootObject = 8153F6BB1AD9B0920067C70E /* Project object */;
}
